
Microsoft Visual Studio Solution File, Format Version 12.00
# Visual Studio Version 16
VisualStudioVersion = 16.0.31019.35
MinimumVisualStudioVersion = 10.0.40219.1
Project("{6EC3EE1D-3C4E-46DD-8F32-0CC8E7565705}") = "Lazy", "Lazy\Lazy.fsproj", "{48F9DA68-1AD0-4F12-BCAC-3D7460755AB3}"
EndProject
Project("{F2A71F9B-5D33-465A-A702-920D77279786}") = "LazyTests", "LazyTests\LazyTests.fsproj", "{27F71FAF-F940-4981-ADF4-3DF80240F8FE}"
EndProject
Global
	GlobalSection(SolutionConfigurationPlatforms) = preSolution
		Debug|Any CPU = Debug|Any CPU
		Release|Any CPU = Release|Any CPU
	EndGlobalSection
	GlobalSection(ProjectConfigurationPlatforms) = postSolution
		{48F9DA68-1AD0-4F12-BCAC-3D7460755AB3}.Debug|Any CPU.ActiveCfg = Debug|Any CPU
		{48F9DA68-1AD0-4F12-BCAC-3D7460755AB3}.Debug|Any CPU.Build.0 = Debug|Any CPU
		{48F9DA68-1AD0-4F12-BCAC-3D7460755AB3}.Release|Any CPU.ActiveCfg = Release|Any CPU
		{48F9DA68-1AD0-4F12-BCAC-3D7460755AB3}.Release|Any CPU.Build.0 = Release|Any CPU
		{27F71FAF-F940-4981-ADF4-3DF80240F8FE}.Debug|Any CPU.ActiveCfg = Debug|Any CPU
		{27F71FAF-F940-4981-ADF4-3DF80240F8FE}.Debug|Any CPU.Build.0 = Debug|Any CPU
		{27F71FAF-F940-4981-ADF4-3DF80240F8FE}.Release|Any CPU.ActiveCfg = Release|Any CPU
		{27F71FAF-F940-4981-ADF4-3DF80240F8FE}.Release|Any CPU.Build.0 = Release|Any CPU
	EndGlobalSection
	GlobalSection(SolutionProperties) = preSolution
		HideSolutionNode = FALSE
	EndGlobalSection
	GlobalSection(ExtensibilityGlobals) = postSolution
		SolutionGuid = {69348256-711A-4717-95F7-F273977A83AE}
	EndGlobalSection
EndGlobal
