
Microsoft Visual Studio Solution File, Format Version 12.00
# Visual Studio Version 16
VisualStudioVersion = 16.0.31019.35
MinimumVisualStudioVersion = 10.0.40219.1
Project("{F2A71F9B-5D33-465A-A702-920D77279786}") = "BracketBalanceChecker", "BracketBalanceChecker\BracketBalanceChecker.fsproj", "{AEFB6860-A206-4BCF-828C-3CB96E3DDD62}"
EndProject
Global
	GlobalSection(SolutionConfigurationPlatforms) = preSolution
		Debug|Any CPU = Debug|Any CPU
		Release|Any CPU = Release|Any CPU
	EndGlobalSection
	GlobalSection(ProjectConfigurationPlatforms) = postSolution
		{AEFB6860-A206-4BCF-828C-3CB96E3DDD62}.Debug|Any CPU.ActiveCfg = Debug|Any CPU
		{AEFB6860-A206-4BCF-828C-3CB96E3DDD62}.Debug|Any CPU.Build.0 = Debug|Any CPU
		{AEFB6860-A206-4BCF-828C-3CB96E3DDD62}.Release|Any CPU.ActiveCfg = Release|Any CPU
		{AEFB6860-A206-4BCF-828C-3CB96E3DDD62}.Release|Any CPU.Build.0 = Release|Any CPU
	EndGlobalSection
	GlobalSection(SolutionProperties) = preSolution
		HideSolutionNode = FALSE
	EndGlobalSection
	GlobalSection(ExtensibilityGlobals) = postSolution
		SolutionGuid = {B844FA0E-A3E3-48EC-A73B-3519439AAE8D}
	EndGlobalSection
EndGlobal
